
Microsoft Visual Studio Solution File, Format Version 12.00
# Visual Studio Version 17
VisualStudioVersion = 17.3.32825.248
MinimumVisualStudioVersion = 10.0.40219.1
Project("{2150E333-8FDC-42A3-9474-1A3956D46DE8}") = "Services", "Services", "{46E895FD-C5BC-48D0-AE91-7F08EF12274B}"
EndProject
Project("{2150E333-8FDC-42A3-9474-1A3956D46DE8}") = "Catalog", "Catalog", "{082E47D9-81AD-467F-B91F-B3963AA36F4B}"
EndProject
Project("{9A19103F-16F7-4668-BE54-9A1E7A4F7556}") = "Catalog.API", "Services\Catalog\Catalog.API\Catalog.API.csproj", "{168D7E5F-3507-40D4-969F-1652121D281D}"
EndProject
Project("{E53339B2-1760-4266-BCC7-CA923CBCF16C}") = "docker-compose", "docker-compose.dcproj", "{86BC1A30-F100-4A8B-9207-774D8DC59EFC}"
EndProject
Project("{2150E333-8FDC-42A3-9474-1A3956D46DE8}") = "Basket", "Basket", "{FF8D7422-41C7-4E0B-BF0B-94471220F0F0}"
EndProject
Project("{FAE04EC0-301F-11D3-BF4B-00C04F79EFBC}") = "Basket.API", "Services\Basket\Basket.API\Basket.API.csproj", "{FA2B5819-581E-4FDD-94BC-39A48951ABC0}"
EndProject
Global
	GlobalSection(SolutionConfigurationPlatforms) = preSolution
		Debug|Any CPU = Debug|Any CPU
		Release|Any CPU = Release|Any CPU
	EndGlobalSection
	GlobalSection(ProjectConfigurationPlatforms) = postSolution
		{168D7E5F-3507-40D4-969F-1652121D281D}.Debug|Any CPU.ActiveCfg = Debug|Any CPU
		{168D7E5F-3507-40D4-969F-1652121D281D}.Debug|Any CPU.Build.0 = Debug|Any CPU
		{168D7E5F-3507-40D4-969F-1652121D281D}.Release|Any CPU.ActiveCfg = Release|Any CPU
		{168D7E5F-3507-40D4-969F-1652121D281D}.Release|Any CPU.Build.0 = Release|Any CPU
		{86BC1A30-F100-4A8B-9207-774D8DC59EFC}.Debug|Any CPU.ActiveCfg = Debug|Any CPU
		{86BC1A30-F100-4A8B-9207-774D8DC59EFC}.Debug|Any CPU.Build.0 = Debug|Any CPU
		{86BC1A30-F100-4A8B-9207-774D8DC59EFC}.Release|Any CPU.ActiveCfg = Release|Any CPU
		{86BC1A30-F100-4A8B-9207-774D8DC59EFC}.Release|Any CPU.Build.0 = Release|Any CPU
		{FA2B5819-581E-4FDD-94BC-39A48951ABC0}.Debug|Any CPU.ActiveCfg = Debug|Any CPU
		{FA2B5819-581E-4FDD-94BC-39A48951ABC0}.Debug|Any CPU.Build.0 = Debug|Any CPU
		{FA2B5819-581E-4FDD-94BC-39A48951ABC0}.Release|Any CPU.ActiveCfg = Release|Any CPU
		{FA2B5819-581E-4FDD-94BC-39A48951ABC0}.Release|Any CPU.Build.0 = Release|Any CPU
	EndGlobalSection
	GlobalSection(SolutionProperties) = preSolution
		HideSolutionNode = FALSE
	EndGlobalSection
	GlobalSection(NestedProjects) = preSolution
		{082E47D9-81AD-467F-B91F-B3963AA36F4B} = {46E895FD-C5BC-48D0-AE91-7F08EF12274B}
		{168D7E5F-3507-40D4-969F-1652121D281D} = {082E47D9-81AD-467F-B91F-B3963AA36F4B}
		{FF8D7422-41C7-4E0B-BF0B-94471220F0F0} = {46E895FD-C5BC-48D0-AE91-7F08EF12274B}
		{FA2B5819-581E-4FDD-94BC-39A48951ABC0} = {FF8D7422-41C7-4E0B-BF0B-94471220F0F0}
	EndGlobalSection
	GlobalSection(ExtensibilityGlobals) = postSolution
		SolutionGuid = {ECF17FF7-1450-48B3-9FEC-4D8443D1ECF1}
	EndGlobalSection
EndGlobal
